PODS:
  - Nimble (8.0.7)
  - NInject (1.0.0)
  - NInjectTestHelpers (1.0.0):
    - Nimble
    - NInject
    - Quick
    - Spry
    - "Spry+Nimble"
  - NInjectTestHelpers/Tests (1.0.0):
    - Nimble
    - NInject
    - Quick
    - Spry
    - "Spry+Nimble"
  - Quick (2.2.0)
  - Spry (3.2.3)
  - "Spry+Nimble (3.2.3)":
    - Nimble (> 7.0.0)
    - Spry (= 3.2.3)

DEPENDENCIES:
  - NInject (from `./../`)
  - NInjectTestHelpers (from `./../`)
  - NInjectTestHelpers/Tests (from `./../`)

SPEC REPOS:
  trunk:
    - Nimble
    - Quick
    - Spry
    - "Spry+Nimble"

EXTERNAL SOURCES:
  NInject:
    :path: "./../"
  NInjectTestHelpers:
    :path: "./../"

SPEC CHECKSUMS:
  Nimble: a73af6ecd4c9106f434f3d55fc54570be3739e0b
  NInject: 083dd04a9f9789d69239f486251c2a0c5ae65747
  NInjectTestHelpers: 272d4987c8962ad89921726d3af41694220b67a4
  Quick: 7fb19e13be07b5dfb3b90d4f9824c855a11af40e
  Spry: 216a7f6566e6c7a0392f3f4b4e804e71d58e1835
  "Spry+Nimble": 65b76e7d2dbe2d9166109ff44d8eea44a0bea94e

PODFILE CHECKSUM: d2bf35fe51e99494ef3b86c78c1bd27730c1fef5

COCOAPODS: 1.9.1
